{
  "lockfileVersion": 1,
  "configVersion": 1,
  "workspaces": {
    "": {
      "name": "bonvoyage",
      "devDependencies": {
        "@biomejs/biome": "^2.3.12",
        "@bomb.sh/args": "^0.3.1",
        "@clack/prompts": "1.0.0",
        "@rsbuild/core": "^1.7.1",
        "@rsbuild/plugin-react": "^1.4.2",
        "@rsbuild/plugin-sass": "^1.5.0",
        "@types/bun": "latest",
        "@types/react": "^19",
        "@types/react-dom": "^19",
        "chalk": "^5.6.2",
        "chokidar-cli": "^3.0.0",
        "handlebars": "^4.7.8",
        "npm-run-all2": "^8.0.4",
        "react": "^19",
        "react-dom": "^19",
        "sass": "^1.97.3",
        "typescript": "^5",
      },
    },
  },
  "packages": {
    "@biomejs/biome": ["@biomejs/biome@2.3.12", "", { "optionalDependencies": { "@biomejs/cli-darwin-arm64": "2.3.12", "@biomejs/cli-darwin-x64": "2.3.12", "@biomejs/cli-linux-arm64": "2.3.12", "@biomejs/cli-linux-arm64-musl": "2.3.12", "@biomejs/cli-linux-x64": "2.3.12", "@biomejs/cli-linux-x64-musl": "2.3.12", "@biomejs/cli-win32-arm64": "2.3.12", "@biomejs/cli-win32-x64": "2.3.12" }, "bin": { "biome": "bin/biome" } }, "sha512-AR7h4aSlAvXj7TAajW/V12BOw2EiS0AqZWV5dGozf4nlLoUF/ifvD0+YgKSskT0ylA6dY1A8AwgP8kZ6yaCQnA=="],

    "@biomejs/cli-darwin-arm64": ["@biomejs/cli-darwin-arm64@2.3.12", "", { "os": "darwin", "cpu": "arm64" }, "sha512-cO6fn+KiMBemva6EARDLQBxeyvLzgidaFRJi8G7OeRqz54kWK0E+uSjgFaiHlc3DZYoa0+1UFE8mDxozpc9ieg=="],

    "@biomejs/cli-darwin-x64": ["@biomejs/cli-darwin-x64@2.3.12", "", { "os": "darwin", "cpu": "x64" }, "sha512-/fiF/qmudKwSdvmSrSe/gOTkW77mHHkH8Iy7YC2rmpLuk27kbaUOPa7kPiH5l+3lJzTUfU/t6x1OuIq/7SGtxg=="],

    "@biomejs/cli-linux-arm64": ["@biomejs/cli-linux-arm64@2.3.12", "", { "os": "linux", "cpu": "arm64" }, "sha512-nbOsuQROa3DLla5vvsTZg+T5WVPGi9/vYxETm9BOuLHBJN3oWQIg3MIkE2OfL18df1ZtNkqXkH6Yg9mdTPem7A=="],

    "@biomejs/cli-linux-arm64-musl": ["@biomejs/cli-linux-arm64-musl@2.3.12", "", { "os": "linux", "cpu": "arm64" }, "sha512-aqkeSf7IH+wkzFpKeDVPSXy9uDjxtLpYA6yzkYsY+tVjwFFirSuajHDI3ul8en90XNs1NA0n8kgBrjwRi5JeyA=="],

    "@biomejs/cli-linux-x64": ["@biomejs/cli-linux-x64@2.3.12", "", { "os": "linux", "cpu": "x64" }, "sha512-CQtqrJ+qEEI8tgRSTjjzk6wJAwfH3wQlkIGsM5dlecfRZaoT+XCms/mf7G4kWNexrke6mnkRzNy6w8ebV177ow=="],

    "@biomejs/cli-linux-x64-musl": ["@biomejs/cli-linux-x64-musl@2.3.12", "", { "os": "linux", "cpu": "x64" }, "sha512-kVGWtupRRsOjvw47YFkk5mLiAdpCPMWBo1jOwAzh+juDpUb2sWarIp+iq+CPL1Wt0LLZnYtP7hH5kD6fskcxmg=="],

    "@biomejs/cli-win32-arm64": ["@biomejs/cli-win32-arm64@2.3.12", "", { "os": "win32", "cpu": "arm64" }, "sha512-Re4I7UnOoyE4kHMqpgtG6UvSBGBbbtvsOvBROgCCoH7EgANN6plSQhvo2W7OCITvTp7gD6oZOyZy72lUdXjqZg=="],

    "@biomejs/cli-win32-x64": ["@biomejs/cli-win32-x64@2.3.12", "", { "os": "win32", "cpu": "x64" }, "sha512-qqGVWqNNek0KikwPZlOIoxtXgsNGsX+rgdEzgw82Re8nF02W+E2WokaQhpF5TdBh/D/RQ3TLppH+otp6ztN0lw=="],

    "@bomb.sh/args": ["@bomb.sh/args@0.3.1", "", {}, "sha512-CwxKrfgcorUPP6KfYD59aRdBYWBTsfsxT+GmoLVnKo5Tmyoqbpo0UNcjngRMyU+6tiPbd18RuIYxhgAn44wU/Q=="],

    "@bufbuild/protobuf": ["@bufbuild/protobuf@2.11.0", "", {}, "sha512-sBXGT13cpmPR5BMgHE6UEEfEaShh5Ror6rfN3yEK5si7QVrtZg8LEPQb0VVhiLRUslD2yLnXtnRzG035J/mZXQ=="],

    "@clack/core": ["@clack/core@1.0.0", "", { "dependencies": { "picocolors": "^1.0.0", "sisteransi": "^1.0.5" } }, "sha512-Orf9Ltr5NeiEuVJS8Rk2XTw3IxNC2Bic3ash7GgYeA8LJ/zmSNpSQ/m5UAhe03lA6KFgklzZ5KTHs4OAMA/SAQ=="],

    "@clack/prompts": ["@clack/prompts@1.0.0", "", { "dependencies": { "@clack/core": "1.0.0", "picocolors": "^1.0.0", "sisteransi": "^1.0.5" } }, "sha512-rWPXg9UaCFqErJVQ+MecOaWsozjaxol4yjnmYcGNipAWzdaWa2x+VJmKfGq7L0APwBohQOYdHC+9RO4qRXej+A=="],

    "@emnapi/core": ["@emnapi/core@1.8.1", "", { "dependencies": { "@emnapi/wasi-threads": "1.1.0", "tslib": "^2.4.0" } }, "sha512-AvT9QFpxK0Zd8J0jopedNm+w/2fIzvtPKPjqyw9jwvBaReTTqPBk9Hixaz7KbjimP+QNz605/XnjFcDAL2pqBg=="],

    "@emnapi/runtime": ["@emnapi/runtime@1.8.1", "", { "dependencies": { "tslib": "^2.4.0" } }, "sha512-mehfKSMWjjNol8659Z8KxEMrdSJDDot5SXMq00dM8BN4o+CLNXQ0xH2V7EchNHV4RmbZLmmPdEaXZc5H2FXmDg=="],

    "@emnapi/wasi-threads": ["@emnapi/wasi-threads@1.1.0", "", { "dependencies": { "tslib": "^2.4.0" } }, "sha512-WI0DdZ8xFSbgMjR1sFsKABJ/C5OnRrjT06JXbZKexJGrDuPTzZdDYfFlsgcCXCyf+suG5QU2e/y1Wo2V/OapLQ=="],

    "@module-federation/error-codes": ["@module-federation/error-codes@0.22.0", "", {}, "sha512-xF9SjnEy7vTdx+xekjPCV5cIHOGCkdn3pIxo9vU7gEZMIw0SvAEdsy6Uh17xaCpm8V0FWvR0SZoK9Ik6jGOaug=="],

    "@module-federation/runtime": ["@module-federation/runtime@0.22.0", "", { "dependencies": { "@module-federation/error-codes": "0.22.0", "@module-federation/runtime-core": "0.22.0", "@module-federation/sdk": "0.22.0" } }, "sha512-38g5iPju2tPC3KHMPxRKmy4k4onNp6ypFPS1eKGsNLUkXgHsPMBFqAjDw96iEcjri91BrahG4XcdyKi97xZzlA=="],

    "@module-federation/runtime-core": ["@module-federation/runtime-core@0.22.0", "", { "dependencies": { "@module-federation/error-codes": "0.22.0", "@module-federation/sdk": "0.22.0" } }, "sha512-GR1TcD6/s7zqItfhC87zAp30PqzvceoeDGYTgF3Vx2TXvsfDrhP6Qw9T4vudDQL3uJRne6t7CzdT29YyVxlgIA=="],

    "@module-federation/runtime-tools": ["@module-federation/runtime-tools@0.22.0", "", { "dependencies": { "@module-federation/runtime": "0.22.0", "@module-federation/webpack-bundler-runtime": "0.22.0" } }, "sha512-4ScUJ/aUfEernb+4PbLdhM/c60VHl698Gn1gY21m9vyC1Ucn69fPCA1y2EwcCB7IItseRMoNhdcWQnzt/OPCNA=="],

    "@module-federation/sdk": ["@module-federation/sdk@0.22.0", "", {}, "sha512-x4aFNBKn2KVQRuNVC5A7SnrSCSqyfIWmm1DvubjbO9iKFe7ith5niw8dqSFBekYBg2Fwy+eMg4sEFNVvCAdo6g=="],

    "@module-federation/webpack-bundler-runtime": ["@module-federation/webpack-bundler-runtime@0.22.0", "", { "dependencies": { "@module-federation/runtime": "0.22.0", "@module-federation/sdk": "0.22.0" } }, "sha512-aM8gCqXu+/4wBmJtVeMeeMN5guw3chf+2i6HajKtQv7SJfxV/f4IyNQJUeUQu9HfiAZHjqtMV5Lvq/Lvh8LdyA=="],

    "@napi-rs/wasm-runtime": ["@napi-rs/wasm-runtime@1.0.7", "", { "dependencies": { "@emnapi/core": "^1.5.0", "@emnapi/runtime": "^1.5.0", "@tybys/wasm-util": "^0.10.1" } }, "sha512-SeDnOO0Tk7Okiq6DbXmmBODgOAb9dp9gjlphokTUxmt8U3liIP1ZsozBahH69j/RJv+Rfs6IwUKHTgQYJ/HBAw=="],

    "@parcel/watcher": ["@parcel/watcher@2.5.6", "", { "dependencies": { "detect-libc": "^2.0.3", "is-glob": "^4.0.3", "node-addon-api": "^7.0.0", "picomatch": "^4.0.3" }, "optionalDependencies": { "@parcel/watcher-android-arm64": "2.5.6", "@parcel/watcher-darwin-arm64": "2.5.6", "@parcel/watcher-darwin-x64": "2.5.6", "@parcel/watcher-freebsd-x64": "2.5.6", "@parcel/watcher-linux-arm-glibc": "2.5.6", "@parcel/watcher-linux-arm-musl": "2.5.6", "@parcel/watcher-linux-arm64-glibc": "2.5.6", "@parcel/watcher-linux-arm64-musl": "2.5.6", "@parcel/watcher-linux-x64-glibc": "2.5.6", "@parcel/watcher-linux-x64-musl": "2.5.6", "@parcel/watcher-win32-arm64": "2.5.6", "@parcel/watcher-win32-ia32": "2.5.6", "@parcel/watcher-win32-x64": "2.5.6" } }, "sha512-tmmZ3lQxAe/k/+rNnXQRawJ4NjxO2hqiOLTHvWchtGZULp4RyFeh6aU4XdOYBFe2KE1oShQTv4AblOs2iOrNnQ=="],

    "@parcel/watcher-android-arm64": ["@parcel/watcher-android-arm64@2.5.6", "", { "os": "android", "cpu": "arm64" }, "sha512-YQxSS34tPF/6ZG7r/Ih9xy+kP/WwediEUsqmtf0cuCV5TPPKw/PQHRhueUo6JdeFJaqV3pyjm0GdYjZotbRt/A=="],

    "@parcel/watcher-darwin-arm64": ["@parcel/watcher-darwin-arm64@2.5.6", "", { "os": "darwin", "cpu": "arm64" }, "sha512-Z2ZdrnwyXvvvdtRHLmM4knydIdU9adO3D4n/0cVipF3rRiwP+3/sfzpAwA/qKFL6i1ModaabkU7IbpeMBgiVEA=="],

    "@parcel/watcher-darwin-x64": ["@parcel/watcher-darwin-x64@2.5.6", "", { "os": "darwin", "cpu": "x64" }, "sha512-HgvOf3W9dhithcwOWX9uDZyn1lW9R+7tPZ4sug+NGrGIo4Rk1hAXLEbcH1TQSqxts0NYXXlOWqVpvS1SFS4fRg=="],

    "@parcel/watcher-freebsd-x64": ["@parcel/watcher-freebsd-x64@2.5.6", "", { "os": "freebsd", "cpu": "x64" }, "sha512-vJVi8yd/qzJxEKHkeemh7w3YAn6RJCtYlE4HPMoVnCpIXEzSrxErBW5SJBgKLbXU3WdIpkjBTeUNtyBVn8TRng=="],

    "@parcel/watcher-linux-arm-glibc": ["@parcel/watcher-linux-arm-glibc@2.5.6", "", { "os": "linux", "cpu": "arm" }, "sha512-9JiYfB6h6BgV50CCfasfLf/uvOcJskMSwcdH1PHH9rvS1IrNy8zad6IUVPVUfmXr+u+Km9IxcfMLzgdOudz9EQ=="],

    "@parcel/watcher-linux-arm-musl": ["@parcel/watcher-linux-arm-musl@2.5.6", "", { "os": "linux", "cpu": "arm" }, "sha512-Ve3gUCG57nuUUSyjBq/MAM0CzArtuIOxsBdQ+ftz6ho8n7s1i9E1Nmk/xmP323r2YL0SONs1EuwqBp2u1k5fxg=="],

    "@parcel/watcher-linux-arm64-glibc": ["@parcel/watcher-linux-arm64-glibc@2.5.6", "", { "os": "linux", "cpu": "arm64" }, "sha512-f2g/DT3NhGPdBmMWYoxixqYr3v/UXcmLOYy16Bx0TM20Tchduwr4EaCbmxh1321TABqPGDpS8D/ggOTaljijOA=="],

    "@parcel/watcher-linux-arm64-musl": ["@parcel/watcher-linux-arm64-musl@2.5.6", "", { "os": "linux", "cpu": "arm64" }, "sha512-qb6naMDGlbCwdhLj6hgoVKJl2odL34z2sqkC7Z6kzir8b5W65WYDpLB6R06KabvZdgoHI/zxke4b3zR0wAbDTA=="],

    "@parcel/watcher-linux-x64-glibc": ["@parcel/watcher-linux-x64-glibc@2.5.6", "", { "os": "linux", "cpu": "x64" }, "sha512-kbT5wvNQlx7NaGjzPFu8nVIW1rWqV780O7ZtkjuWaPUgpv2NMFpjYERVi0UYj1msZNyCzGlaCWEtzc+exjMGbQ=="],

    "@parcel/watcher-linux-x64-musl": ["@parcel/watcher-linux-x64-musl@2.5.6", "", { "os": "linux", "cpu": "x64" }, "sha512-1JRFeC+h7RdXwldHzTsmdtYR/Ku8SylLgTU/reMuqdVD7CtLwf0VR1FqeprZ0eHQkO0vqsbvFLXUmYm/uNKJBg=="],

    "@parcel/watcher-win32-arm64": ["@parcel/watcher-win32-arm64@2.5.6", "", { "os": "win32", "cpu": "arm64" }, "sha512-3ukyebjc6eGlw9yRt678DxVF7rjXatWiHvTXqphZLvo7aC5NdEgFufVwjFfY51ijYEWpXbqF5jtrK275z52D4Q=="],

    "@parcel/watcher-win32-ia32": ["@parcel/watcher-win32-ia32@2.5.6", "", { "os": "win32", "cpu": "ia32" }, "sha512-k35yLp1ZMwwee3Ez/pxBi5cf4AoBKYXj00CZ80jUz5h8prpiaQsiRPKQMxoLstNuqe2vR4RNPEAEcjEFzhEz/g=="],

    "@parcel/watcher-win32-x64": ["@parcel/watcher-win32-x64@2.5.6", "", { "os": "win32", "cpu": "x64" }, "sha512-hbQlYcCq5dlAX9Qx+kFb0FHue6vbjlf0FrNzSKdYK2APUf7tGfGxQCk2ihEREmbR6ZMc0MVAD5RIX/41gpUzTw=="],

    "@rsbuild/core": ["@rsbuild/core@1.7.2", "", { "dependencies": { "@rspack/core": "~1.7.1", "@rspack/lite-tapable": "~1.1.0", "@swc/helpers": "^0.5.18", "core-js": "~3.47.0", "jiti": "^2.6.1" }, "bin": { "rsbuild": "bin/rsbuild.js" } }, "sha512-VAFO6cM+cyg2ntxNW6g3tB2Jc5J5mpLjLluvm7VtW2uceNzyUlVv41o66Yp1t1ikxd3ljtqegViXem62JqzveA=="],

    "@rsbuild/plugin-react": ["@rsbuild/plugin-react@1.4.3", "", { "dependencies": { "@rspack/plugin-react-refresh": "^1.5.3", "react-refresh": "^0.18.0" }, "peerDependencies": { "@rsbuild/core": "^1.0.0 || ^2.0.0-0" } }, "sha512-Uf9FkKk2TqYDbsypXHgjdivPmEoYFvBTHJT5fPmjCf0Sc3lR2BHtlc0WMdZTCKUJ5jTxREygMs9LbnehX98L8g=="],

    "@rsbuild/plugin-sass": ["@rsbuild/plugin-sass@1.5.0", "", { "dependencies": { "deepmerge": "^4.3.1", "loader-utils": "^2.0.4", "postcss": "^8.5.6", "reduce-configs": "^1.1.1", "sass-embedded": "^1.97.3" }, "peerDependencies": { "@rsbuild/core": "^1.3.0 || ^2.0.0-0" } }, "sha512-m9eLjN8KQe43obVAevy8ivbcAVWJkChxooWev9m+7JZYSDPW1Fr3Zmc5ZBkroQUy8NxGTj/eWc434TmtzL2Mrw=="],

    "@rspack/binding": ["@rspack/binding@1.7.4", "", { "optionalDependencies": { "@rspack/binding-darwin-arm64": "1.7.4", "@rspack/binding-darwin-x64": "1.7.4", "@rspack/binding-linux-arm64-gnu": "1.7.4", "@rspack/binding-linux-arm64-musl": "1.7.4", "@rspack/binding-linux-x64-gnu": "1.7.4", "@rspack/binding-linux-x64-musl": "1.7.4", "@rspack/binding-wasm32-wasi": "1.7.4", "@rspack/binding-win32-arm64-msvc": "1.7.4", "@rspack/binding-win32-ia32-msvc": "1.7.4", "@rspack/binding-win32-x64-msvc": "1.7.4" } }, "sha512-BOACDXd9aTrdJgqa88KGxnTGdUdVLAClTCLhSvdNvQZIcaVLOB1qtW0TvqjZ19MxuQB/Cba5u/ILc5DNXxuDhg=="],

    "@rspack/binding-darwin-arm64": ["@rspack/binding-darwin-arm64@1.7.4", "", { "os": "darwin", "cpu": "arm64" }, "sha512-d4FTW/TkqvU9R1PsaK2tbLG1uY0gAlxy3rEiQYrFRAOVTMOFkPasypmvhwD5iWrPIhkjIi79IkgrSzRJaP2ZwA=="],

    "@rspack/binding-darwin-x64": ["@rspack/binding-darwin-x64@1.7.4", "", { "os": "darwin", "cpu": "x64" }, "sha512-Oq65S5szs3+In9hVWfPksdL6EUu1+SFZK3oQINP3kMJ5zPzrdyiue+L5ClpTU/VMKVxfQTdCBsI6OVJNnaLBiA=="],

    "@rspack/binding-linux-arm64-gnu": ["@rspack/binding-linux-arm64-gnu@1.7.4", "", { "os": "linux", "cpu": "arm64" }, "sha512-sTpfCraAtYZBhdw9Xx5a19OgJ/mBELTi61utZzrO3bV6BFEulvOdmnNjpgb0xv1KATtNI8YxECohUzekk1WsOA=="],

    "@rspack/binding-linux-arm64-musl": ["@rspack/binding-linux-arm64-musl@1.7.4", "", { "os": "linux", "cpu": "arm64" }, "sha512-sw8jZbUe13Ry0/tnUt1pSdwkaPtSzKuveq+b6/CUT26I3DKfJQoG0uJbjj2quMe4ks3jDmoGlxuRe4D/fWUoSg=="],

    "@rspack/binding-linux-x64-gnu": ["@rspack/binding-linux-x64-gnu@1.7.4", "", { "os": "linux", "cpu": "x64" }, "sha512-1W6LU0wR/TxB+8pogt0pn0WRwbQmKfu9839p/VBuSkNdWR4aljAhYO6RxsLQLCLrDAqEyrpeYWsWJBvAJ4T/pA=="],

    "@rspack/binding-linux-x64-musl": ["@rspack/binding-linux-x64-musl@1.7.4", "", { "os": "linux", "cpu": "x64" }, "sha512-rkmu8qLnm/q8J14ZQZ04SnPNzdRNgzAoKJCTbnhCzcuL5k5e20LUFfGuS6j7Io1/UdVMOjz/u7R6b9h/qA1Scw=="],

    "@rspack/binding-wasm32-wasi": ["@rspack/binding-wasm32-wasi@1.7.4", "", { "dependencies": { "@napi-rs/wasm-runtime": "1.0.7" }, "cpu": "none" }, "sha512-6BQvLbDtUVkTN5o1QYLYKAYuXavC4ER5Vn/amJEoecbM9F25MNAv28inrXs7BQ4cHSU4WW/F4yZPGnA+jUZLyw=="],

    "@rspack/binding-win32-arm64-msvc": ["@rspack/binding-win32-arm64-msvc@1.7.4", "", { "os": "win32", "cpu": "arm64" }, "sha512-kipggu7xVPhnAkAV7koSDVbBuuMDMA4hX60DNJKTS6fId3XNHcZqWKIsWGOt0yQ6KV7I3JRRBDotKLx6uYaRWw=="],

    "@rspack/binding-win32-ia32-msvc": ["@rspack/binding-win32-ia32-msvc@1.7.4", "", { "os": "win32", "cpu": "ia32" }, "sha512-9Zdozc13AUQHqagDDHxHml1FnZZWuSj/uP+SxtlTlQaiIE9GDH3n0cUio1GUq+cBKbcXeiE3dJMGJxhiFaUsxA=="],

    "@rspack/binding-win32-x64-msvc": ["@rspack/binding-win32-x64-msvc@1.7.4", "", { "os": "win32", "cpu": "x64" }, "sha512-3a/jZTUrvU340IuRcxul+ccsDtdrMaGq/vi4HNcWalL0H2xeOeuieBAV8AZqaRjmxMu8OyRcpcSrkHtN1ol/eA=="],

    "@rspack/core": ["@rspack/core@1.7.4", "", { "dependencies": { "@module-federation/runtime-tools": "0.22.0", "@rspack/binding": "1.7.4", "@rspack/lite-tapable": "1.1.0" }, "peerDependencies": { "@swc/helpers": ">=0.5.1" }, "optionalPeers": ["@swc/helpers"] }, "sha512-6QNqcsRSy1WbAGvjA2DAEx4yyAzwrvT6vd24Kv4xdZHdvF6FmcUbr5J+mLJ1jSOXvpNhZ+RzN37JQ8fSmytEtw=="],

    "@rspack/lite-tapable": ["@rspack/lite-tapable@1.1.0", "", {}, "sha512-E2B0JhYFmVAwdDiG14+DW0Di4Ze4Jg10Pc4/lILUrd5DRCaklduz2OvJ5HYQ6G+hd+WTzqQb3QnDNfK4yvAFYw=="],

    "@rspack/plugin-react-refresh": ["@rspack/plugin-react-refresh@1.6.0", "", { "dependencies": { "error-stack-parser": "^2.1.4", "html-entities": "^2.6.0" }, "peerDependencies": { "react-refresh": ">=0.10.0 <1.0.0", "webpack-hot-middleware": "2.x" }, "optionalPeers": ["webpack-hot-middleware"] }, "sha512-OO53gkrte/Ty4iRXxxM6lkwPGxsSsupFKdrPFnjwFIYrPvFLjeolAl5cTx+FzO5hYygJiGnw7iEKTmD+ptxqDA=="],

    "@swc/helpers": ["@swc/helpers@0.5.18", "", { "dependencies": { "tslib": "^2.8.0" } }, "sha512-TXTnIcNJQEKwThMMqBXsZ4VGAza6bvN4pa41Rkqoio6QBKMvo+5lexeTMScGCIxtzgQJzElcvIltani+adC5PQ=="],

    "@tybys/wasm-util": ["@tybys/wasm-util@0.10.1", "", { "dependencies": { "tslib": "^2.4.0" } }, "sha512-9tTaPJLSiejZKx+Bmog4uSubteqTvFrVrURwkmHixBo0G4seD0zUxp98E1DzUBJxLQ3NPwXrGKDiVjwx/DpPsg=="],

    "@types/bun": ["@types/bun@1.3.6", "", { "dependencies": { "bun-types": "1.3.6" } }, "sha512-uWCv6FO/8LcpREhenN1d1b6fcspAB+cefwD7uti8C8VffIv0Um08TKMn98FynpTiU38+y2dUO55T11NgDt8VAA=="],

    "@types/node": ["@types/node@25.0.10", "", { "dependencies": { "undici-types": "~7.16.0" } }, "sha512-zWW5KPngR/yvakJgGOmZ5vTBemDoSqF3AcV/LrO5u5wTWyEAVVh+IT39G4gtyAkh3CtTZs8aX/yRM82OfzHJRg=="],

    "@types/react": ["@types/react@19.2.10", "", { "dependencies": { "csstype": "^3.2.2" } }, "sha512-WPigyYuGhgZ/cTPRXB2EwUw+XvsRA3GqHlsP4qteqrnnjDrApbS7MxcGr/hke5iUoeB7E/gQtrs9I37zAJ0Vjw=="],

    "@types/react-dom": ["@types/react-dom@19.2.3", "", { "peerDependencies": { "@types/react": "^19.2.0" } }, "sha512-jp2L/eY6fn+KgVVQAOqYItbF0VY/YApe5Mz2F0aykSO8gx31bYCZyvSeYxCHKvzHG5eZjc+zyaS5BrBWya2+kQ=="],

    "ansi-regex": ["ansi-regex@4.1.1", "", {}, "sha512-ILlv4k/3f6vfQ4OoP2AGvirOktlQ98ZEL1k9FaQjxa3L1abBgbuTDAdPOpvbGncC0BTVQrl+OM8xZGK6tWXt7g=="],

    "ansi-styles": ["ansi-styles@6.2.3", "", {}, "sha512-4Dj6M28JB+oAH8kFkTLUo+a2jwOFkuqb3yucU0CANcRRUbxS0cP0nZYCGjcc3BNXwRIsUVmDGgzawme7zvJHvg=="],

    "anymatch": ["anymatch@3.1.3", "", { "dependencies": { "normalize-path": "^3.0.0", "picomatch": "^2.0.4" } }, "sha512-KMReFUr0B4t+D+OBkjR3KYqvocp2XaSzO55UcB6mgQMd3KbcE+mWTyvVV7D/zsdEbNnV6acZUutkiHQXvTr1Rw=="],

    "big.js": ["big.js@5.2.2", "", {}, "sha512-vyL2OymJxmarO8gxMr0mhChsO9QGwhynfuu4+MHTAW6czfq9humCB7rKpUjDd9YUiDPU4mzpyupFSvOClAwbmQ=="],

    "binary-extensions": ["binary-extensions@2.3.0", "", {}, "sha512-Ceh+7ox5qe7LJuLHoY0feh3pHuUDHAcRUeyL2VYghZwfpkNIy/+8Ocg0a3UuSoYzavmylwuLWQOf3hl0jjMMIw=="],

    "braces": ["braces@3.0.3", "", { "dependencies": { "fill-range": "^7.1.1" } }, "sha512-yQbXgO/OSZVD2IsiLlro+7Hf6Q18EJrKSEsdoMzKePKXct3gvD8oLcOQdIzGupr5Fj+EDe8gO/lxc1BzfMpxvA=="],

    "bun-types": ["bun-types@1.3.6", "", { "dependencies": { "@types/node": "*" } }, "sha512-OlFwHcnNV99r//9v5IIOgQ9Uk37gZqrNMCcqEaExdkVq3Avwqok1bJFmvGMCkCE0FqzdY8VMOZpfpR3lwI+CsQ=="],

    "camelcase": ["camelcase@5.3.1", "", {}, "sha512-L28STB170nwWS63UjtlEOE3dldQApaJXZkOI1uMFfzf3rRuPegHaHesyee+YxQ+W6SvRDQV6UrdOdRiR153wJg=="],

    "chalk": ["chalk@5.6.2", "", {}, "sha512-7NzBL0rN6fMUW+f7A6Io4h40qQlG+xGmtMxfbnH/K7TAtt8JQWVQK+6g0UXKMeVJoyV5EkkNsErQ8pVD3bLHbA=="],

    "chokidar": ["chokidar@3.6.0", "", { "dependencies": { "anymatch": "~3.1.2", "braces": "~3.0.2", "glob-parent": "~5.1.2", "is-binary-path": "~2.1.0", "is-glob": "~4.0.1", "normalize-path": "~3.0.0", "readdirp": "~3.6.0" }, "optionalDependencies": { "fsevents": "~2.3.2" } }, "sha512-7VT13fmjotKpGipCW9JEQAusEPE+Ei8nl6/g4FBAmIm0GOOLMua9NDDo/DWp0ZAxCr3cPq5ZpBqmPAQgDda2Pw=="],

    "chokidar-cli": ["chokidar-cli@3.0.0", "", { "dependencies": { "chokidar": "^3.5.2", "lodash.debounce": "^4.0.8", "lodash.throttle": "^4.1.1", "yargs": "^13.3.0" }, "bin": { "chokidar": "index.js" } }, "sha512-xVW+Qeh7z15uZRxHOkP93Ux8A0xbPzwK4GaqD8dQOYc34TlkqUhVSS59fK36DOp5WdJlrRzlYSy02Ht99FjZqQ=="],

    "cliui": ["cliui@5.0.0", "", { "dependencies": { "string-width": "^3.1.0", "strip-ansi": "^5.2.0", "wrap-ansi": "^5.1.0" } }, "sha512-PYeGSEmmHM6zvoef2w8TPzlrnNpXIjTipYK780YswmIP9vjxmd6Y2a3CB2Ks6/AU8NHjZugXvo8w3oWM2qnwXA=="],

    "color-convert": ["color-convert@1.9.3", "", { "dependencies": { "color-name": "1.1.3" } }, "sha512-QfAUtd+vFdAtFQcC8CCyYt1fYWxSqAiK2cSD6zDB8N3cpsEBAvRxp9zOGg6G/SHHJYAT88/az/IuDGALsNVbGg=="],

    "color-name": ["color-name@1.1.3", "", {}, "sha512-72fSenhMw2HZMTVHeCA9KCmpEIbzWiQsjN+BHcBbS9vr1mtt+vJjPdksIBNUmKAW8TFUDPJK5SUU3QhE9NEXDw=="],

    "colorjs.io": ["colorjs.io@0.5.2", "", {}, "sha512-twmVoizEW7ylZSN32OgKdXRmo1qg+wT5/6C3xu5b9QsWzSFAhHLn2xd8ro0diCsKfCj1RdaTP/nrcW+vAoQPIw=="],

    "core-js": ["core-js@3.47.0", "", {}, "sha512-c3Q2VVkGAUyupsjRnaNX6u8Dq2vAdzm9iuPj5FW0fRxzlxgq9Q39MDq10IvmQSpLgHQNyQzQmOo6bgGHmH3NNg=="],

    "cross-spawn": ["cross-spawn@7.0.6", "", { "dependencies": { "path-key": "^3.1.0", "shebang-command": "^2.0.0", "which": "^2.0.1" } }, "sha512-uV2QOWP2nWzsy2aMp8aRibhi9dlzF5Hgh5SHaB9OiTGEyDTiJJyx0uy51QXdyWbtAHNua4XJzUKca3OzKUd3vA=="],

    "csstype": ["csstype@3.2.3", "", {}, "sha512-z1HGKcYy2xA8AGQfwrn0PAy+PB7X/GSj3UVJW9qKyn43xWa+gl5nXmU4qqLMRzWVLFC8KusUX8T/0kCiOYpAIQ=="],

    "decamelize": ["decamelize@1.2.0", "", {}, "sha512-z2S+W9X73hAUUki+N+9Za2lBlun89zigOyGrsax+KUQ6wKW4ZoWpEYBkGhQjwAjjDCkWxhY0VKEhk8wzY7F5cA=="],

    "deepmerge": ["deepmerge@4.3.1", "", {}, "sha512-3sUqbMEc77XqpdNO7FRyRog+eW3ph+GYCbj+rK+uYyRMuwsVy0rMiVtPn+QJlKFvWP/1PYpapqYn0Me2knFn+A=="],

    "detect-libc": ["detect-libc@2.1.2", "", {}, "sha512-Btj2BOOO83o3WyH59e8MgXsxEQVcarkUOpEYrubB0urwnN10yQ364rsiByU11nZlqWYZm05i/of7io4mzihBtQ=="],

    "emoji-regex": ["emoji-regex@7.0.3", "", {}, "sha512-CwBLREIQ7LvYFB0WyRvwhq5N5qPhc6PMjD6bYggFlI5YyDgl+0vxq5VHbMOFqLg7hfWzmu8T5Z1QofhmTIhItA=="],

    "emojis-list": ["emojis-list@3.0.0", "", {}, "sha512-/kyM18EfinwXZbno9FyUGeFh87KC8HRQBQGildHZbEuRyWFOmv1U10o9BBp8XVZDVNNuQKyIGIu5ZYAAXJ0V2Q=="],

    "error-stack-parser": ["error-stack-parser@2.1.4", "", { "dependencies": { "stackframe": "^1.3.4" } }, "sha512-Sk5V6wVazPhq5MhpO+AUxJn5x7XSXGl1R93Vn7i+zS15KDVxQijejNCrz8340/2bgLBjR9GtEG8ZVKONDjcqGQ=="],

    "fill-range": ["fill-range@7.1.1", "", { "dependencies": { "to-regex-range": "^5.0.1" } }, "sha512-YsGpe3WHLK8ZYi4tWDg2Jy3ebRz2rXowDxnld4bkQB00cc/1Zw9AWnC0i9ztDJitivtQvaI9KaLyKrc+hBW0yg=="],

    "find-up": ["find-up@3.0.0", "", { "dependencies": { "locate-path": "^3.0.0" } }, "sha512-1yD6RmLI1XBfxugvORwlck6f75tYL+iR0jqwsOrOxMZyGYqUuDhJ0l4AXdO1iX/FTs9cBAMEk1gWSEx1kSbylg=="],

    "fsevents": ["fsevents@2.3.3", "", { "os": "darwin" }, "sha512-5xoDfX+fL7faATnagmWPpbFtwh/R77WmMMqqHGS65C3vvB0YHrgF+B1YmZ3441tMj5n63k0212XNoJwzlhffQw=="],

    "get-caller-file": ["get-caller-file@2.0.5", "", {}, "sha512-DyFP3BM/3YHTQOCUL/w0OZHR0lpKeGrxotcHWcqNEdnltqFwXVfhEBQ94eIo34AfQpo0rGki4cyIiftY06h2Fg=="],

    "glob-parent": ["glob-parent@5.1.2", "", { "dependencies": { "is-glob": "^4.0.1" } }, "sha512-AOIgSQCepiJYwP3ARnGx+5VnTu2HBYdzbGP45eLw1vr3zB3vZLeyed1sC9hnbcOc9/SrMyM5RPQrkGz4aS9Zow=="],

    "handlebars": ["handlebars@4.7.8", "", { "dependencies": { "minimist": "^1.2.5", "neo-async": "^2.6.2", "source-map": "^0.6.1", "wordwrap": "^1.0.0" }, "optionalDependencies": { "uglify-js": "^3.1.4" }, "bin": { "handlebars": "bin/handlebars" } }, "sha512-vafaFqs8MZkRrSX7sFVUdo3ap/eNiLnb4IakshzvP56X5Nr1iGKAIqdX6tMlm6HcNRIkr6AxO5jFEoJzzpT8aQ=="],

    "has-flag": ["has-flag@4.0.0", "", {}, "sha512-EykJT/Q1KjTWctppgIAgfSO0tKVuZUjhgMr17kqTumMl6Afv3EISleU7qZUzoXDFTAHTDC4NOoG/ZxU3EvlMPQ=="],

    "html-entities": ["html-entities@2.6.0", "", {}, "sha512-kig+rMn/QOVRvr7c86gQ8lWXq+Hkv6CbAH1hLu+RG338StTpE8Z0b44SDVaqVu7HGKf27frdmUYEs9hTUX/cLQ=="],

    "immutable": ["immutable@5.1.4", "", {}, "sha512-p6u1bG3YSnINT5RQmx/yRZBpenIl30kVxkTLDyHLIMk0gict704Q9n+thfDI7lTRm9vXdDYutVzXhzcThxTnXA=="],

    "is-binary-path": ["is-binary-path@2.1.0", "", { "dependencies": { "binary-extensions": "^2.0.0" } }, "sha512-ZMERYes6pDydyuGidse7OsHxtbI7WVeUEozgR/g7rd0xUimYNlvZRE/K2MgZTjWy725IfelLeVcEM97mmtRGXw=="],

    "is-extglob": ["is-extglob@2.1.1", "", {}, "sha512-SbKbANkN603Vi4jEZv49LeVJMn4yGwsbzZworEoyEiutsN3nJYdbO36zfhGJ6QEDpOZIFkDtnq5JRxmvl3jsoQ=="],

    "is-fullwidth-code-point": ["is-fullwidth-code-point@2.0.0", "", {}, "sha512-VHskAKYM8RfSFXwee5t5cbN5PZeq1Wrh6qd5bkyiXIf6UQcN6w/A0eXM9r6t8d+GYOh+o6ZhiEnb88LN/Y8m2w=="],

    "is-glob": ["is-glob@4.0.3", "", { "dependencies": { "is-extglob": "^2.1.1" } }, "sha512-xelSayHH36ZgE7ZWhli7pW34hNbNl8Ojv5KVmkJD4hBdD3th8Tfk9vYasLM+mXWOZhFkgZfxhLSnrwRr4elSSg=="],

    "is-number": ["is-number@7.0.0", "", {}, "sha512-41Cifkg6e8TylSpdtTpeLVMqvSBEVzTttHvERD741+pnZ8ANv0004MRL43QKPDlK9cGvNp6NZWZUBlbGXYxxng=="],

    "isexe": ["isexe@3.1.1", "", {}, "sha512-LpB/54B+/2J5hqQ7imZHfdU31OlgQqx7ZicVlkm9kzg9/w8GKLEcFfJl/t7DCEDueOyBAD6zCCwTO6Fzs0NoEQ=="],

    "jiti": ["jiti@2.6.1", "", { "bin": { "jiti": "lib/jiti-cli.mjs" } }, "sha512-ekilCSN1jwRvIbgeg/57YFh8qQDNbwDb9xT/qu2DAHbFFZUicIl4ygVaAvzveMhMVr3LnpSKTNnwt8PoOfmKhQ=="],

    "json-parse-even-better-errors": ["json-parse-even-better-errors@4.0.0", "", {}, "sha512-lR4MXjGNgkJc7tkQ97kb2nuEMnNCyU//XYVH0MKTGcXEiSudQ5MKGKen3C5QubYy0vmq+JGitUg92uuywGEwIA=="],

    "json5": ["json5@2.2.3", "", { "bin": { "json5": "lib/cli.js" } }, "sha512-XmOWe7eyHYH14cLdVPoyg+GOH3rYX++KpzrylJwSW98t3Nk+U8XOl8FWKOgwtzdb8lXGf6zYwDUzeHMWfxasyg=="],

    "loader-utils": ["loader-utils@2.0.4", "", { "dependencies": { "big.js": "^5.2.2", "emojis-list": "^3.0.0", "json5": "^2.1.2" } }, "sha512-xXqpXoINfFhgua9xiqD8fPFHgkoq1mmmpE92WlDbm9rNRd/EbRb+Gqf908T2DMfuHjjJlksiK2RbHVOdD/MqSw=="],

    "locate-path": ["locate-path@3.0.0", "", { "dependencies": { "p-locate": "^3.0.0", "path-exists": "^3.0.0" } }, "sha512-7AO748wWnIhNqAuaty2ZWHkQHRSNfPVIsPIfwEOWO22AmaoVrWavlOcMR5nzTLNYvp36X220/maaRsrec1G65A=="],

    "lodash.debounce": ["lodash.debounce@4.0.8", "", {}, "sha512-FT1yDzDYEoYWhnSGnpE/4Kj1fLZkDFyqRb7fNt6FdYOSxlUWAtp42Eh6Wb0rGIv/m9Bgo7x4GhQbm5Ys4SG5ow=="],

    "lodash.throttle": ["lodash.throttle@4.1.1", "", {}, "sha512-wIkUCfVKpVsWo3JSZlc+8MB5it+2AN5W8J7YVMST30UrvcQNZ1Okbj+rbVniijTWE6FGYy4XJq/rHkas8qJMLQ=="],

    "memorystream": ["memorystream@0.3.1", "", {}, "sha512-S3UwM3yj5mtUSEfP41UZmt/0SCoVYUcU1rkXv+BQ5Ig8ndL4sPoJNBUJERafdPb5jjHJGuMgytgKvKIf58XNBw=="],

    "minimist": ["minimist@1.2.8", "", {}, "sha512-2yyAR8qBkN3YuheJanUpWC5U3bb5osDywNB8RzDVlDwDHbocAJveqqj1u8+SVD7jkWT4yvsHCpWqqWqAxb0zCA=="],

    "nanoid": ["nanoid@3.3.11", "", { "bin": { "nanoid": "bin/nanoid.cjs" } }, "sha512-N8SpfPUnUp1bK+PMYW8qSWdl9U+wwNWI4QKxOYDy9JAro3WMX7p2OeVRF9v+347pnakNevPmiHhNmZ2HbFA76w=="],

    "neo-async": ["neo-async@2.6.2", "", {}, "sha512-Yd3UES5mWCSqR+qNT93S3UoYUkqAZ9lLg8a7g9rimsWmYGK8cVToA4/sF3RrshdyV3sAGMXVUmpMYOw+dLpOuw=="],

    "node-addon-api": ["node-addon-api@7.1.1", "", {}, "sha512-5m3bsyrjFWE1xf7nz7YXdN4udnVtXK6/Yfgn5qnahL6bCkf2yKt4k3nuTKAtT4r3IG8JNR2ncsIMdZuAzJjHQQ=="],

    "normalize-path": ["normalize-path@3.0.0", "", {}, "sha512-6eZs5Ls3WtCisHWp9S2GUy8dqkpGi4BVSz3GaqiE6ezub0512ESztXUwUB6C6IKbQkY2Pnb/mD4WYojCRwcwLA=="],

    "npm-normalize-package-bin": ["npm-normalize-package-bin@4.0.0", "", {}, "sha512-TZKxPvItzai9kN9H/TkmCtx/ZN/hvr3vUycjlfmH0ootY9yFBzNOpiXAdIn1Iteqsvk4lQn6B5PTrt+n6h8k/w=="],

    "npm-run-all2": ["npm-run-all2@8.0.4", "", { "dependencies": { "ansi-styles": "^6.2.1", "cross-spawn": "^7.0.6", "memorystream": "^0.3.1", "picomatch": "^4.0.2", "pidtree": "^0.6.0", "read-package-json-fast": "^4.0.0", "shell-quote": "^1.7.3", "which": "^5.0.0" }, "bin": { "run-p": "bin/run-p/index.js", "run-s": "bin/run-s/index.js", "npm-run-all": "bin/npm-run-all/index.js", "npm-run-all2": "bin/npm-run-all/index.js" } }, "sha512-wdbB5My48XKp2ZfJUlhnLVihzeuA1hgBnqB2J9ahV77wLS+/YAJAlN8I+X3DIFIPZ3m5L7nplmlbhNiFDmXRDA=="],

    "p-limit": ["p-limit@2.3.0", "", { "dependencies": { "p-try": "^2.0.0" } }, "sha512-//88mFWSJx8lxCzwdAABTJL2MyWB12+eIY7MDL2SqLmAkeKU9qxRvWuSyTjm3FUmpBEMuFfckAIqEaVGUDxb6w=="],

    "p-locate": ["p-locate@3.0.0", "", { "dependencies": { "p-limit": "^2.0.0" } }, "sha512-x+12w/To+4GFfgJhBEpiDcLozRJGegY+Ei7/z0tSLkMmxGZNybVMSfWj9aJn8Z5Fc7dBUNJOOVgPv2H7IwulSQ=="],

    "p-try": ["p-try@2.2.0", "", {}, "sha512-R4nPAVTAU0B9D35/Gk3uJf/7XYbQcyohSKdvAxIRSNghFl4e71hVoGnBNQz9cWaXxO2I10KTC+3jMdvvoKw6dQ=="],

    "path-exists": ["path-exists@3.0.0", "", {}, "sha512-bpC7GYwiDYQ4wYLe+FA8lhRjhQCMcQGuSgGGqDkg/QerRWw9CmGRT0iSOVRSZJ29NMLZgIzqaljJ63oaL4NIJQ=="],

    "path-key": ["path-key@3.1.1", "", {}, "sha512-ojmeN0qd+y0jszEtoY48r0Peq5dwMEkIlCOu6Q5f41lfkswXuKtYrhgoTpLnyIcHm24Uhqx+5Tqm2InSwLhE6Q=="],

    "picocolors": ["picocolors@1.1.1", "", {}, "sha512-xceH2snhtb5M9liqDsmEw56le376mTZkEX/jEb/RxNFyegNul7eNslCXP9FDj/Lcu0X8KEyMceP2ntpaHrDEVA=="],

    "picomatch": ["picomatch@4.0.3", "", {}, "sha512-5gTmgEY/sqK6gFXLIsQNH19lWb4ebPDLA4SdLP7dsWkIXHWlG66oPuVvXSGFPppYZz8ZDZq0dYYrbHfBCVUb1Q=="],

    "pidtree": ["pidtree@0.6.0", "", { "bin": { "pidtree": "bin/pidtree.js" } }, "sha512-eG2dWTVw5bzqGRztnHExczNxt5VGsE6OwTeCG3fdUf9KBsZzO3R5OIIIzWR+iZA0NtZ+RDVdaoE2dK1cn6jH4g=="],

    "postcss": ["postcss@8.5.6", "", { "dependencies": { "nanoid": "^3.3.11", "picocolors": "^1.1.1", "source-map-js": "^1.2.1" } }, "sha512-3Ybi1tAuwAP9s0r1UQ2J4n5Y0G05bJkpUIO0/bI9MhwmD70S5aTWbXGBwxHrelT+XM1k6dM0pk+SwNkpTRN7Pg=="],

    "react": ["react@19.2.4", "", {}, "sha512-9nfp2hYpCwOjAN+8TZFGhtWEwgvWHXqESH8qT89AT/lWklpLON22Lc8pEtnpsZz7VmawabSU0gCjnj8aC0euHQ=="],

    "react-dom": ["react-dom@19.2.4", "", { "dependencies": { "scheduler": "^0.27.0" }, "peerDependencies": { "react": "^19.2.4" } }, "sha512-AXJdLo8kgMbimY95O2aKQqsz2iWi9jMgKJhRBAxECE4IFxfcazB2LmzloIoibJI3C12IlY20+KFaLv+71bUJeQ=="],

    "react-refresh": ["react-refresh@0.18.0", "", {}, "sha512-QgT5//D3jfjJb6Gsjxv0Slpj23ip+HtOpnNgnb2S5zU3CB26G/IDPGoy4RJB42wzFE46DRsstbW6tKHoKbhAxw=="],

    "read-package-json-fast": ["read-package-json-fast@4.0.0", "", { "dependencies": { "json-parse-even-better-errors": "^4.0.0", "npm-normalize-package-bin": "^4.0.0" } }, "sha512-qpt8EwugBWDw2cgE2W+/3oxC+KTez2uSVR8JU9Q36TXPAGCaozfQUs59v4j4GFpWTaw0i6hAZSvOmu1J0uOEUg=="],

    "readdirp": ["readdirp@3.6.0", "", { "dependencies": { "picomatch": "^2.2.1" } }, "sha512-hOS089on8RduqdbhvQ5Z37A0ESjsqz6qnRcffsMU3495FuTdqSm+7bhJ29JvIOsBDEEnan5DPu9t3To9VRlMzA=="],

    "reduce-configs": ["reduce-configs@1.1.1", "", {}, "sha512-EYtsVGAQarE8daT54cnaY1PIknF2VB78ug6Zre2rs36EsJfC40EG6hmTU2A2P1ZuXnKAt2KI0fzOGHcX7wzdPw=="],

    "require-directory": ["require-directory@2.1.1", "", {}, "sha512-fGxEI7+wsG9xrvdjsrlmL22OMTTiHRwAMroiEeMgq8gzoLC/PQr7RsRDSTLUg/bZAZtF+TVIkHc6/4RIKrui+Q=="],

    "require-main-filename": ["require-main-filename@2.0.0", "", {}, "sha512-NKN5kMDylKuldxYLSUfrbo5Tuzh4hd+2E8NPPX02mZtn1VuREQToYe/ZdlJy+J3uCpfaiGF05e7B8W0iXbQHmg=="],

    "rxjs": ["rxjs@7.8.2", "", { "dependencies": { "tslib": "^2.1.0" } }, "sha512-dhKf903U/PQZY6boNNtAGdWbG85WAbjT/1xYoZIC7FAY0yWapOBQVsVrDl58W86//e1VpMNBtRV4MaXfdMySFA=="],

    "sass": ["sass@1.97.3", "", { "dependencies": { "chokidar": "^4.0.0", "immutable": "^5.0.2", "source-map-js": ">=0.6.2 <2.0.0" }, "optionalDependencies": { "@parcel/watcher": "^2.4.1" }, "bin": { "sass": "sass.js" } }, "sha512-fDz1zJpd5GycprAbu4Q2PV/RprsRtKC/0z82z0JLgdytmcq0+ujJbJ/09bPGDxCLkKY3Np5cRAOcWiVkLXJURg=="],

    "sass-embedded": ["sass-embedded@1.97.3", "", { "dependencies": { "@bufbuild/protobuf": "^2.5.0", "colorjs.io": "^0.5.0", "immutable": "^5.0.2", "rxjs": "^7.4.0", "supports-color": "^8.1.1", "sync-child-process": "^1.0.2", "varint": "^6.0.0" }, "optionalDependencies": { "sass-embedded-all-unknown": "1.97.3", "sass-embedded-android-arm": "1.97.3", "sass-embedded-android-arm64": "1.97.3", "sass-embedded-android-riscv64": "1.97.3", "sass-embedded-android-x64": "1.97.3", "sass-embedded-darwin-arm64": "1.97.3", "sass-embedded-darwin-x64": "1.97.3", "sass-embedded-linux-arm": "1.97.3", "sass-embedded-linux-arm64": "1.97.3", "sass-embedded-linux-musl-arm": "1.97.3", "sass-embedded-linux-musl-arm64": "1.97.3", "sass-embedded-linux-musl-riscv64": "1.97.3", "sass-embedded-linux-musl-x64": "1.97.3", "sass-embedded-linux-riscv64": "1.97.3", "sass-embedded-linux-x64": "1.97.3", "sass-embedded-unknown-all": "1.97.3", "sass-embedded-win32-arm64": "1.97.3", "sass-embedded-win32-x64": "1.97.3" }, "bin": { "sass": "dist/bin/sass.js" } }, "sha512-eKzFy13Nk+IRHhlAwP3sfuv+PzOrvzUkwJK2hdoCKYcWGSdmwFpeGpWmyewdw8EgBnsKaSBtgf/0b2K635ecSA=="],

    "sass-embedded-all-unknown": ["sass-embedded-all-unknown@1.97.3", "", { "dependencies": { "sass": "1.97.3" }, "cpu": [ "!arm", "!x64", "!arm64", ] }, "sha512-t6N46NlPuXiY3rlmG6/+1nwebOBOaLFOOVqNQOC2cJhghOD4hh2kHNQQTorCsbY9S1Kir2la1/XLBwOJfui0xg=="],

    "sass-embedded-android-arm": ["sass-embedded-android-arm@1.97.3", "", { "os": "android", "cpu": "arm" }, "sha512-cRTtf/KV/q0nzGZoUzVkeIVVFv3L/tS1w4WnlHapphsjTXF/duTxI8JOU1c/9GhRPiMdfeXH7vYNcMmtjwX7jg=="],

    "sass-embedded-android-arm64": ["sass-embedded-android-arm64@1.97.3", "", { "os": "android", "cpu": "arm64" }, "sha512-aiZ6iqiHsUsaDx0EFbbmmA0QgxicSxVVN3lnJJ0f1RStY0DthUkquGT5RJ4TPdaZ6ebeJWkboV4bra+CP766eA=="],

    "sass-embedded-android-riscv64": ["sass-embedded-android-riscv64@1.97.3", "", { "os": "android", "cpu": "none" }, "sha512-zVEDgl9JJodofGHobaM/q6pNETG69uuBIGQHRo789jloESxxZe82lI3AWJQuPmYCOG5ElfRthqgv89h3gTeLYA=="],

    "sass-embedded-android-x64": ["sass-embedded-android-x64@1.97.3", "", { "os": "android", "cpu": "x64" }, "sha512-3ke0le7ZKepyXn/dKKspYkpBC0zUk/BMciyP5ajQUDy4qJwobd8zXdAq6kOkdiMB+d9UFJOmEkvgFJHl3lqwcw=="],

    "sass-embedded-darwin-arm64": ["sass-embedded-darwin-arm64@1.97.3", "", { "os": "darwin", "cpu": "arm64" }, "sha512-fuqMTqO4gbOmA/kC5b9y9xxNYw6zDEyfOtMgabS7Mz93wimSk2M1quQaTJnL98Mkcsl2j+7shNHxIS/qpcIDDA=="],

    "sass-embedded-darwin-x64": ["sass-embedded-darwin-x64@1.97.3", "", { "os": "darwin", "cpu": "x64" }, "sha512-b/2RBs/2bZpP8lMkyZ0Px0vkVkT8uBd0YXpOwK7iOwYkAT8SsO4+WdVwErsqC65vI5e1e5p1bb20tuwsoQBMVA=="],

    "sass-embedded-linux-arm": ["sass-embedded-linux-arm@1.97.3", "", { "os": "linux", "cpu": "arm" }, "sha512-2lPQ7HQQg4CKsH18FTsj2hbw5GJa6sBQgDsls+cV7buXlHjqF8iTKhAQViT6nrpLK/e8nFCoaRgSqEC8xMnXuA=="],

    "sass-embedded-linux-arm64": ["sass-embedded-linux-arm64@1.97.3", "", { "os": "linux", "cpu": "arm64" }, "sha512-IP1+2otCT3DuV46ooxPaOKV1oL5rLjteRzf8ldZtfIEcwhSgSsHgA71CbjYgLEwMY9h4jeal8Jfv3QnedPvSjg=="],

    "sass-embedded-linux-musl-arm": ["sass-embedded-linux-musl-arm@1.97.3", "", { "os": "linux", "cpu": "arm" }, "sha512-cBTMU68X2opBpoYsSZnI321gnoaiMBEtc+60CKCclN6PCL3W3uXm8g4TLoil1hDD6mqU9YYNlVG6sJ+ZNef6Lg=="],

    "sass-embedded-linux-musl-arm64": ["sass-embedded-linux-musl-arm64@1.97.3", "", { "os": "linux", "cpu": "arm64" }, "sha512-Lij0SdZCsr+mNRSyDZ7XtJpXEITrYsaGbOTz5e6uFLJ9bmzUbV7M8BXz2/cA7bhfpRPT7/lwRKPdV4+aR9Ozcw=="],

    "sass-embedded-linux-musl-riscv64": ["sass-embedded-linux-musl-riscv64@1.97.3", "", { "os": "linux", "cpu": "none" }, "sha512-sBeLFIzMGshR4WmHAD4oIM7WJVkSoCIEwutzptFtGlSlwfNiijULp+J5hA2KteGvI6Gji35apR5aWj66wEn/iA=="],

    "sass-embedded-linux-musl-x64": ["sass-embedded-linux-musl-x64@1.97.3", "", { "os": "linux", "cpu": "x64" }, "sha512-/oWJ+OVrDg7ADDQxRLC/4g1+Nsz1g4mkYS2t6XmyMJKFTFK50FVI2t5sOdFH+zmMp+nXHKM036W94y9m4jjEcw=="],

    "sass-embedded-linux-riscv64": ["sass-embedded-linux-riscv64@1.97.3", "", { "os": "linux", "cpu": "none" }, "sha512-l3IfySApLVYdNx0Kjm7Zehte1CDPZVcldma3dZt+TfzvlAEerM6YDgsk5XEj3L8eHBCgHgF4A0MJspHEo2WNfA=="],

    "sass-embedded-linux-x64": ["sass-embedded-linux-x64@1.97.3", "", { "os": "linux", "cpu": "x64" }, "sha512-Kwqwc/jSSlcpRjULAOVbndqEy2GBzo6OBmmuBVINWUaJLJ8Kczz3vIsDUWLfWz/kTEw9FHBSiL0WCtYLVAXSLg=="],

    "sass-embedded-unknown-all": ["sass-embedded-unknown-all@1.97.3", "", { "dependencies": { "sass": "1.97.3" }, "os": [ "!linux", "!win32", "!darwin", "!android", ] }, "sha512-/GHajyYJmvb0IABUQHbVHf1nuHPtIDo/ClMZ81IDr59wT5CNcMe7/dMNujXwWugtQVGI5UGmqXWZQCeoGnct8Q=="],

    "sass-embedded-win32-arm64": ["sass-embedded-win32-arm64@1.97.3", "", { "os": "win32", "cpu": "arm64" }, "sha512-RDGtRS1GVvQfMGAmVXNxYiUOvPzn9oO1zYB/XUM9fudDRnieYTcUytpNTQZLs6Y1KfJxgt5Y+giRceC92fT8Uw=="],

    "sass-embedded-win32-x64": ["sass-embedded-win32-x64@1.97.3", "", { "os": "win32", "cpu": "x64" }, "sha512-SFRa2lED9UEwV6vIGeBXeBOLKF+rowF3WmNfb/BzhxmdAsKofCXrJ8ePW7OcDVrvNEbTOGwhsReIsF5sH8fVaw=="],

    "scheduler": ["scheduler@0.27.0", "", {}, "sha512-eNv+WrVbKu1f3vbYJT/xtiF5syA5HPIMtf9IgY/nKg0sWqzAUEvqY/xm7OcZc/qafLx/iO9FgOmeSAp4v5ti/Q=="],

    "set-blocking": ["set-blocking@2.0.0", "", {}, "sha512-KiKBS8AnWGEyLzofFfmvKwpdPzqiy16LvQfK3yv/fVH7Bj13/wl3JSR1J+rfgRE9q7xUJK4qvgS8raSOeLUehw=="],

    "shebang-command": ["shebang-command@2.0.0", "", { "dependencies": { "shebang-regex": "^3.0.0" } }, "sha512-kHxr2zZpYtdmrN1qDjrrX/Z1rR1kG8Dx+gkpK1G4eXmvXswmcE1hTWBWYUzlraYw1/yZp6YuDY77YtvbN0dmDA=="],

    "shebang-regex": ["shebang-regex@3.0.0", "", {}, "sha512-7++dFhtcx3353uBaq8DDR4NuxBetBzC7ZQOhmTQInHEd6bSrXdiEyzCvG07Z44UYdLShWUyXt5M/yhz8ekcb1A=="],

    "shell-quote": ["shell-quote@1.8.3", "", {}, "sha512-ObmnIF4hXNg1BqhnHmgbDETF8dLPCggZWBjkQfhZpbszZnYur5DUljTcCHii5LC3J5E0yeO/1LIMyH+UvHQgyw=="],

    "sisteransi": ["sisteransi@1.0.5", "", {}, "sha512-bLGGlR1QxBcynn2d5YmDX4MGjlZvy2MRBDRNHLJ8VI6l6+9FUiyTFNJ0IveOSP0bcXgVDPRcfGqA0pjaqUpfVg=="],

    "source-map": ["source-map@0.6.1", "", {}, "sha512-UjgapumWlbMhkBgzT7Ykc5YXUT46F0iKu8SGXq0bcwP5dz/h0Plj6enJqjz1Zbq2l5WaqYnrVbwWOWMyF3F47g=="],

    "source-map-js": ["source-map-js@1.2.1", "", {}, "sha512-UXWMKhLOwVKb728IUtQPXxfYU+usdybtUrK/8uGE8CQMvrhOpwvzDBwj0QhSL7MQc7vIsISBG8VQ8+IDQxpfQA=="],

    "stackframe": ["stackframe@1.3.4", "", {}, "sha512-oeVtt7eWQS+Na6F//S4kJ2K2VbRlS9D43mAlMyVpVWovy9o+jfgH8O9agzANzaiLjclA0oYzUXEM4PurhSUChw=="],

    "string-width": ["string-width@3.1.0", "", { "dependencies": { "emoji-regex": "^7.0.1", "is-fullwidth-code-point": "^2.0.0", "strip-ansi": "^5.1.0" } }, "sha512-vafcv6KjVZKSgz06oM/H6GDBrAtz8vdhQakGjFIvNrHA6y3HCF1CInLy+QLq8dTJPQ1b+KDUqDFctkdRW44e1w=="],

    "strip-ansi": ["strip-ansi@5.2.0", "", { "dependencies": { "ansi-regex": "^4.1.0" } }, "sha512-DuRs1gKbBqsMKIZlrffwlug8MHkcnpjs5VPmL1PAh+mA30U0DTotfDZ0d2UUsXpPmPmMMJ6W773MaA3J+lbiWA=="],

    "supports-color": ["supports-color@8.1.1", "", { "dependencies": { "has-flag": "^4.0.0" } }, "sha512-MpUEN2OodtUzxvKQl72cUF7RQ5EiHsGvSsVG0ia9c5RbWGL2CI4C7EpPS8UTBIplnlzZiNuV56w+FuNxy3ty2Q=="],

    "sync-child-process": ["sync-child-process@1.0.2", "", { "dependencies": { "sync-message-port": "^1.0.0" } }, "sha512-8lD+t2KrrScJ/7KXCSyfhT3/hRq78rC0wBFqNJXv3mZyn6hW2ypM05JmlSvtqRbeq6jqA94oHbxAr2vYsJ8vDA=="],

    "sync-message-port": ["sync-message-port@1.2.0", "", {}, "sha512-gAQ9qrUN/UCypHtGFbbe7Rc/f9bzO88IwrG8TDo/aMKAApKyD6E3W4Cm0EfhfBb6Z6SKt59tTCTfD+n1xmAvMg=="],

    "to-regex-range": ["to-regex-range@5.0.1", "", { "dependencies": { "is-number": "^7.0.0" } }, "sha512-65P7iz6X5yEr1cwcgvQxbbIw7Uk3gOy5dIdtZ4rDveLqhrdJP+Li/Hx6tyK0NEb+2GCyneCMJiGqrADCSNk8sQ=="],

    "tslib": ["tslib@2.8.1", "", {}, "sha512-oJFu94HQb+KVduSUQL7wnpmqnfmLsOA/nAh6b6EH0wCEoK0/mPeXU6c3wKDV83MkOuHPRHtSXKKU99IBazS/2w=="],

    "typescript": ["typescript@5.9.3", "", { "bin": { "tsc": "bin/tsc", "tsserver": "bin/tsserver" } }, "sha512-jl1vZzPDinLr9eUt3J/t7V6FgNEw9QjvBPdysz9KfQDD41fQrC2Y4vKQdiaUpFT4bXlb1RHhLpp8wtm6M5TgSw=="],

    "uglify-js": ["uglify-js@3.19.3", "", { "bin": { "uglifyjs": "bin/uglifyjs" } }, "sha512-v3Xu+yuwBXisp6QYTcH4UbH+xYJXqnq2m/LtQVWKWzYc1iehYnLixoQDN9FH6/j9/oybfd6W9Ghwkl8+UMKTKQ=="],

    "undici-types": ["undici-types@7.16.0", "", {}, "sha512-Zz+aZWSj8LE6zoxD+xrjh4VfkIG8Ya6LvYkZqtUQGJPZjYl53ypCaUwWqo7eI0x66KBGeRo+mlBEkMSeSZ38Nw=="],

    "varint": ["varint@6.0.0", "", {}, "sha512-cXEIW6cfr15lFv563k4GuVuW/fiwjknytD37jIOLSdSWuOI6WnO/oKwmP2FQTU2l01LP8/M5TSAJpzUaGe3uWg=="],

    "which": ["which@5.0.0", "", { "dependencies": { "isexe": "^3.1.1" }, "bin": { "node-which": "bin/which.js" } }, "sha512-JEdGzHwwkrbWoGOlIHqQ5gtprKGOenpDHpxE9zVR1bWbOtYRyPPHMe9FaP6x61CmNaTThSkb0DAJte5jD+DmzQ=="],

    "which-module": ["which-module@2.0.1", "", {}, "sha512-iBdZ57RDvnOR9AGBhML2vFZf7h8vmBjhoaZqODJBFWHVtKkDmKuHai3cx5PgVMrX5YDNp27AofYbAwctSS+vhQ=="],

    "wordwrap": ["wordwrap@1.0.0", "", {}, "sha512-gvVzJFlPycKc5dZN4yPkP8w7Dc37BtP1yczEneOb4uq34pXZcvrtRTmWV8W+Ume+XCxKgbjM+nevkyFPMybd4Q=="],

    "wrap-ansi": ["wrap-ansi@5.1.0", "", { "dependencies": { "ansi-styles": "^3.2.0", "string-width": "^3.0.0", "strip-ansi": "^5.0.0" } }, "sha512-QC1/iN/2/RPVJ5jYK8BGttj5z83LmSKmvbvrXPNCLZSEb32KKVDJDl/MOt2N01qU2H/FkzEa9PKto1BqDjtd7Q=="],

    "y18n": ["y18n@4.0.3", "", {}, "sha512-JKhqTOwSrqNA1NY5lSztJ1GrBiUodLMmIZuLiDaMRJ+itFd+ABVE8XBjOvIWL+rSqNDC74LCSFmlb/U4UZ4hJQ=="],

    "yargs": ["yargs@13.3.2", "", { "dependencies": { "cliui": "^5.0.0", "find-up": "^3.0.0", "get-caller-file": "^2.0.1", "require-directory": "^2.1.1", "require-main-filename": "^2.0.0", "set-blocking": "^2.0.0", "string-width": "^3.0.0", "which-module": "^2.0.0", "y18n": "^4.0.0", "yargs-parser": "^13.1.2" } }, "sha512-AX3Zw5iPruN5ie6xGRIDgqkT+ZhnRlZMLMHAs8tg7nRruy2Nb+i5o9bwghAogtM08q1dpr2LVoS8KSTMYpWXUw=="],

    "yargs-parser": ["yargs-parser@13.1.2", "", { "dependencies": { "camelcase": "^5.0.0", "decamelize": "^1.2.0" } }, "sha512-3lbsNRf/j+A4QuSZfDRA7HRSfWrzO0YjqTJd5kjAq37Zep1CEgaYmrH9Q3GwPiB9cHyd1Y1UwggGhJGoxipbzg=="],

    "anymatch/picomatch": ["picomatch@2.3.1", "", {}, "sha512-JU3teHTNjmE2VCGFzuY8EXzCDVwEqB2a8fsIvwaStHhAWJEeVd1o1QD80CU6+ZdEXXSLbSsuLwJjkCBWqRQUVA=="],

    "cross-spawn/which": ["which@2.0.2", "", { "dependencies": { "isexe": "^2.0.0" }, "bin": { "node-which": "./bin/node-which" } }, "sha512-BLI3Tl1TW3Pvl70l3yq3Y64i+awpwXqsGBYWkkqMtnbXgrMD+yj7rhW0kuEDxzJaYXGjEW5ogapKNMEKNMjibA=="],

    "readdirp/picomatch": ["picomatch@2.3.1", "", {}, "sha512-JU3teHTNjmE2VCGFzuY8EXzCDVwEqB2a8fsIvwaStHhAWJEeVd1o1QD80CU6+ZdEXXSLbSsuLwJjkCBWqRQUVA=="],

    "sass/chokidar": ["chokidar@4.0.3", "", { "dependencies": { "readdirp": "^4.0.1" } }, "sha512-Qgzu8kfBvo+cA4962jnP1KkS6Dop5NS6g7R5LFYJr4b8Ub94PPQXUksCw9PvXoeXPRRddRNC5C1JQUR2SMGtnA=="],

    "wrap-ansi/ansi-styles": ["ansi-styles@3.2.1", "", { "dependencies": { "color-convert": "^1.9.0" } }, "sha512-VT0ZI6kZRdTh8YyJw3SMbYm/u+NqfsAxEpWO0Pf9sq8/e94WxxOpPKx9FR1FlyCtOVDNOQ+8ntlqFxiRc+r5qA=="],

    "cross-spawn/which/isexe": ["isexe@2.0.0", "", {}, "sha512-RHxMLp9lnKHGHRng9QFhRCMbYAcVpn69smSGcq3f36xjgVVWThj4qqLbTLlq7Ssj8B+fIQ1EuCEGI2lKsyQeIw=="],

    "sass/chokidar/readdirp": ["readdirp@4.1.2", "", {}, "sha512-GDhwkLfywWL2s6vEjyhri+eXmfH6j1L7JE27WhqLeYzoh/A3DBaYGEj2H/HFZCn/kMfim73FXxEJTw06WtxQwg=="],
  }
}
