{
  "lockfileVersion": 1,
  "configVersion": 1,
  "workspaces": {
    "": {
      "name": "bonvoyage",
      "devDependencies": {
        "@biomejs/biome": "^2.3.12",
        "@bomb.sh/args": "^0.3.1",
        "@clack/prompts": "1.0.0",
        "@types/bun": "latest",
        "chalk": "^5.6.2",
        "handlebars": "^4.7.8",
        "typescript": "^5",
      },
    },
  },
  "packages": {
    "@biomejs/biome": ["@biomejs/biome@2.3.12", "", { "optionalDependencies": { "@biomejs/cli-darwin-arm64": "2.3.12", "@biomejs/cli-darwin-x64": "2.3.12", "@biomejs/cli-linux-arm64": "2.3.12", "@biomejs/cli-linux-arm64-musl": "2.3.12", "@biomejs/cli-linux-x64": "2.3.12", "@biomejs/cli-linux-x64-musl": "2.3.12", "@biomejs/cli-win32-arm64": "2.3.12", "@biomejs/cli-win32-x64": "2.3.12" }, "bin": { "biome": "bin/biome" } }, "sha512-AR7h4aSlAvXj7TAajW/V12BOw2EiS0AqZWV5dGozf4nlLoUF/ifvD0+YgKSskT0ylA6dY1A8AwgP8kZ6yaCQnA=="],

    "@biomejs/cli-darwin-arm64": ["@biomejs/cli-darwin-arm64@2.3.12", "", { "os": "darwin", "cpu": "arm64" }, "sha512-cO6fn+KiMBemva6EARDLQBxeyvLzgidaFRJi8G7OeRqz54kWK0E+uSjgFaiHlc3DZYoa0+1UFE8mDxozpc9ieg=="],

    "@biomejs/cli-darwin-x64": ["@biomejs/cli-darwin-x64@2.3.12", "", { "os": "darwin", "cpu": "x64" }, "sha512-/fiF/qmudKwSdvmSrSe/gOTkW77mHHkH8Iy7YC2rmpLuk27kbaUOPa7kPiH5l+3lJzTUfU/t6x1OuIq/7SGtxg=="],

    "@biomejs/cli-linux-arm64": ["@biomejs/cli-linux-arm64@2.3.12", "", { "os": "linux", "cpu": "arm64" }, "sha512-nbOsuQROa3DLla5vvsTZg+T5WVPGi9/vYxETm9BOuLHBJN3oWQIg3MIkE2OfL18df1ZtNkqXkH6Yg9mdTPem7A=="],

    "@biomejs/cli-linux-arm64-musl": ["@biomejs/cli-linux-arm64-musl@2.3.12", "", { "os": "linux", "cpu": "arm64" }, "sha512-aqkeSf7IH+wkzFpKeDVPSXy9uDjxtLpYA6yzkYsY+tVjwFFirSuajHDI3ul8en90XNs1NA0n8kgBrjwRi5JeyA=="],

    "@biomejs/cli-linux-x64": ["@biomejs/cli-linux-x64@2.3.12", "", { "os": "linux", "cpu": "x64" }, "sha512-CQtqrJ+qEEI8tgRSTjjzk6wJAwfH3wQlkIGsM5dlecfRZaoT+XCms/mf7G4kWNexrke6mnkRzNy6w8ebV177ow=="],

    "@biomejs/cli-linux-x64-musl": ["@biomejs/cli-linux-x64-musl@2.3.12", "", { "os": "linux", "cpu": "x64" }, "sha512-kVGWtupRRsOjvw47YFkk5mLiAdpCPMWBo1jOwAzh+juDpUb2sWarIp+iq+CPL1Wt0LLZnYtP7hH5kD6fskcxmg=="],

    "@biomejs/cli-win32-arm64": ["@biomejs/cli-win32-arm64@2.3.12", "", { "os": "win32", "cpu": "arm64" }, "sha512-Re4I7UnOoyE4kHMqpgtG6UvSBGBbbtvsOvBROgCCoH7EgANN6plSQhvo2W7OCITvTp7gD6oZOyZy72lUdXjqZg=="],

    "@biomejs/cli-win32-x64": ["@biomejs/cli-win32-x64@2.3.12", "", { "os": "win32", "cpu": "x64" }, "sha512-qqGVWqNNek0KikwPZlOIoxtXgsNGsX+rgdEzgw82Re8nF02W+E2WokaQhpF5TdBh/D/RQ3TLppH+otp6ztN0lw=="],

    "@bomb.sh/args": ["@bomb.sh/args@0.3.1", "", {}, "sha512-CwxKrfgcorUPP6KfYD59aRdBYWBTsfsxT+GmoLVnKo5Tmyoqbpo0UNcjngRMyU+6tiPbd18RuIYxhgAn44wU/Q=="],

    "@clack/core": ["@clack/core@1.0.0", "", { "dependencies": { "picocolors": "^1.0.0", "sisteransi": "^1.0.5" } }, "sha512-Orf9Ltr5NeiEuVJS8Rk2XTw3IxNC2Bic3ash7GgYeA8LJ/zmSNpSQ/m5UAhe03lA6KFgklzZ5KTHs4OAMA/SAQ=="],

    "@clack/prompts": ["@clack/prompts@1.0.0", "", { "dependencies": { "@clack/core": "1.0.0", "picocolors": "^1.0.0", "sisteransi": "^1.0.5" } }, "sha512-rWPXg9UaCFqErJVQ+MecOaWsozjaxol4yjnmYcGNipAWzdaWa2x+VJmKfGq7L0APwBohQOYdHC+9RO4qRXej+A=="],

    "@types/bun": ["@types/bun@1.3.6", "", { "dependencies": { "bun-types": "1.3.6" } }, "sha512-uWCv6FO/8LcpREhenN1d1b6fcspAB+cefwD7uti8C8VffIv0Um08TKMn98FynpTiU38+y2dUO55T11NgDt8VAA=="],

    "@types/node": ["@types/node@25.0.10", "", { "dependencies": { "undici-types": "~7.16.0" } }, "sha512-zWW5KPngR/yvakJgGOmZ5vTBemDoSqF3AcV/LrO5u5wTWyEAVVh+IT39G4gtyAkh3CtTZs8aX/yRM82OfzHJRg=="],

    "bun-types": ["bun-types@1.3.6", "", { "dependencies": { "@types/node": "*" } }, "sha512-OlFwHcnNV99r//9v5IIOgQ9Uk37gZqrNMCcqEaExdkVq3Avwqok1bJFmvGMCkCE0FqzdY8VMOZpfpR3lwI+CsQ=="],

    "chalk": ["chalk@5.6.2", "", {}, "sha512-7NzBL0rN6fMUW+f7A6Io4h40qQlG+xGmtMxfbnH/K7TAtt8JQWVQK+6g0UXKMeVJoyV5EkkNsErQ8pVD3bLHbA=="],

    "handlebars": ["handlebars@4.7.8", "", { "dependencies": { "minimist": "^1.2.5", "neo-async": "^2.6.2", "source-map": "^0.6.1", "wordwrap": "^1.0.0" }, "optionalDependencies": { "uglify-js": "^3.1.4" }, "bin": { "handlebars": "bin/handlebars" } }, "sha512-vafaFqs8MZkRrSX7sFVUdo3ap/eNiLnb4IakshzvP56X5Nr1iGKAIqdX6tMlm6HcNRIkr6AxO5jFEoJzzpT8aQ=="],

    "minimist": ["minimist@1.2.8", "", {}, "sha512-2yyAR8qBkN3YuheJanUpWC5U3bb5osDywNB8RzDVlDwDHbocAJveqqj1u8+SVD7jkWT4yvsHCpWqqWqAxb0zCA=="],

    "neo-async": ["neo-async@2.6.2", "", {}, "sha512-Yd3UES5mWCSqR+qNT93S3UoYUkqAZ9lLg8a7g9rimsWmYGK8cVToA4/sF3RrshdyV3sAGMXVUmpMYOw+dLpOuw=="],

    "picocolors": ["picocolors@1.1.1", "", {}, "sha512-xceH2snhtb5M9liqDsmEw56le376mTZkEX/jEb/RxNFyegNul7eNslCXP9FDj/Lcu0X8KEyMceP2ntpaHrDEVA=="],

    "sisteransi": ["sisteransi@1.0.5", "", {}, "sha512-bLGGlR1QxBcynn2d5YmDX4MGjlZvy2MRBDRNHLJ8VI6l6+9FUiyTFNJ0IveOSP0bcXgVDPRcfGqA0pjaqUpfVg=="],

    "source-map": ["source-map@0.6.1", "", {}, "sha512-UjgapumWlbMhkBgzT7Ykc5YXUT46F0iKu8SGXq0bcwP5dz/h0Plj6enJqjz1Zbq2l5WaqYnrVbwWOWMyF3F47g=="],

    "typescript": ["typescript@5.9.3", "", { "bin": { "tsc": "bin/tsc", "tsserver": "bin/tsserver" } }, "sha512-jl1vZzPDinLr9eUt3J/t7V6FgNEw9QjvBPdysz9KfQDD41fQrC2Y4vKQdiaUpFT4bXlb1RHhLpp8wtm6M5TgSw=="],

    "uglify-js": ["uglify-js@3.19.3", "", { "bin": { "uglifyjs": "bin/uglifyjs" } }, "sha512-v3Xu+yuwBXisp6QYTcH4UbH+xYJXqnq2m/LtQVWKWzYc1iehYnLixoQDN9FH6/j9/oybfd6W9Ghwkl8+UMKTKQ=="],

    "undici-types": ["undici-types@7.16.0", "", {}, "sha512-Zz+aZWSj8LE6zoxD+xrjh4VfkIG8Ya6LvYkZqtUQGJPZjYl53ypCaUwWqo7eI0x66KBGeRo+mlBEkMSeSZ38Nw=="],

    "wordwrap": ["wordwrap@1.0.0", "", {}, "sha512-gvVzJFlPycKc5dZN4yPkP8w7Dc37BtP1yczEneOb4uq34pXZcvrtRTmWV8W+Ume+XCxKgbjM+nevkyFPMybd4Q=="],
  }
}
